# This file is automatically @generated by Cargo.
# It is not intended for manual editing.
version = 3

[[package]]
name = "bootloader"
version = "0.1.0"
dependencies = [
 "kernel 0.1.0 (git+https://github.com/tock/tock?rev=2ff6868)",
 "tock-bootloader-protocol",
]

[[package]]
name = "bootloader_attributes"
version = "0.1.0"

[[package]]
name = "bootloader_cortexm"
version = "0.1.0"
dependencies = [
 "bootloader",
 "kernel 0.1.0 (git+https://github.com/tock/tock?rev=2ff6868)",
]

[[package]]
name = "bootloader_nrf52"
version = "0.1.0"
dependencies = [
 "bootloader",
 "cortexm4 0.1.0 (git+https://github.com/tock/tock?rev=2ff6868)",
 "kernel 0.1.0 (git+https://github.com/tock/tock?rev=2ff6868)",
 "nrf52 0.1.0 (git+https://github.com/tock/tock?rev=2ff6868)",
]

[[package]]
name = "byteorder"
version = "1.4.2"
source = "registry+https://github.com/rust-lang/crates.io-index"
checksum = "ae44d1a3d5a19df61dd0c8beb138458ac2a53a7ac09eba97d55592540004306b"

[[package]]
name = "capsules"
version = "0.1.0"
source = "git+https://github.com/tock/tock?rev=405417#40541741703ddddbc14e7a7ef6fca0fb9f0b7584"
dependencies = [
 "enum_primitive 0.1.0 (git+https://github.com/tock/tock?rev=405417)",
 "kernel 0.1.0 (git+https://github.com/tock/tock?rev=405417)",
 "tickv",
]

[[package]]
name = "components"
version = "0.1.0"
source = "git+https://github.com/tock/tock?rev=405417#40541741703ddddbc14e7a7ef6fca0fb9f0b7584"
dependencies = [
 "capsules",
 "kernel 0.1.0 (git+https://github.com/tock/tock?rev=405417)",
]

[[package]]
name = "cortexm"
version = "0.1.0"
source = "git+https://github.com/tock/tock?rev=2ff6868#2ff68681780355decc314ac17ceba2377d16d0da"
dependencies = [
 "kernel 0.1.0 (git+https://github.com/tock/tock?rev=2ff6868)",
]

[[package]]
name = "cortexm"
version = "0.1.0"
source = "git+https://github.com/tock/tock?rev=405417#40541741703ddddbc14e7a7ef6fca0fb9f0b7584"
dependencies = [
 "kernel 0.1.0 (git+https://github.com/tock/tock?rev=405417)",
]

[[package]]
name = "cortexm4"
version = "0.1.0"
source = "git+https://github.com/tock/tock?rev=2ff6868#2ff68681780355decc314ac17ceba2377d16d0da"
dependencies = [
 "cortexm 0.1.0 (git+https://github.com/tock/tock?rev=2ff6868)",
 "kernel 0.1.0 (git+https://github.com/tock/tock?rev=2ff6868)",
]

[[package]]
name = "cortexm4"
version = "0.1.0"
source = "git+https://github.com/tock/tock?rev=405417#40541741703ddddbc14e7a7ef6fca0fb9f0b7584"
dependencies = [
 "cortexm 0.1.0 (git+https://github.com/tock/tock?rev=405417)",
 "kernel 0.1.0 (git+https://github.com/tock/tock?rev=405417)",
]

[[package]]
name = "enum_primitive"
version = "0.1.0"
source = "git+https://github.com/tock/tock?rev=2ff6868#2ff68681780355decc314ac17ceba2377d16d0da"

[[package]]
name = "enum_primitive"
version = "0.1.0"
source = "git+https://github.com/tock/tock?rev=405417#40541741703ddddbc14e7a7ef6fca0fb9f0b7584"

[[package]]
name = "kernel"
version = "0.1.0"
source = "git+https://github.com/tock/tock?rev=2ff6868#2ff68681780355decc314ac17ceba2377d16d0da"
dependencies = [
 "tock-cells 0.1.0 (git+https://github.com/tock/tock?rev=2ff6868)",
 "tock-registers 0.8.1",
 "tock-tbf 0.1.0 (git+https://github.com/tock/tock?rev=2ff6868)",
]

[[package]]
name = "kernel"
version = "0.1.0"
source = "git+https://github.com/tock/tock?rev=405417#40541741703ddddbc14e7a7ef6fca0fb9f0b7584"
dependencies = [
 "tock-cells 0.1.0 (git+https://github.com/tock/tock?rev=405417)",
 "tock-registers 0.6.0",
 "tock-tbf 0.1.0 (git+https://github.com/tock/tock?rev=405417)",
]

[[package]]
name = "microbit_v2-bootloader"
version = "0.1.0"
dependencies = [
 "bootloader",
 "bootloader_attributes",
 "bootloader_cortexm",
 "bootloader_nrf52",
 "capsules",
 "components",
 "cortexm4 0.1.0 (git+https://github.com/tock/tock?rev=405417)",
 "kernel 0.1.0 (git+https://github.com/tock/tock?rev=405417)",
 "nrf52 0.1.0 (git+https://github.com/tock/tock?rev=405417)",
 "nrf52833",
]

[[package]]
name = "nrf52"
version = "0.1.0"
source = "git+https://github.com/tock/tock?rev=2ff6868#2ff68681780355decc314ac17ceba2377d16d0da"
dependencies = [
 "cortexm4 0.1.0 (git+https://github.com/tock/tock?rev=2ff6868)",
 "enum_primitive 0.1.0 (git+https://github.com/tock/tock?rev=2ff6868)",
 "kernel 0.1.0 (git+https://github.com/tock/tock?rev=2ff6868)",
 "nrf5x 0.1.0 (git+https://github.com/tock/tock?rev=2ff6868)",
]

[[package]]
name = "nrf52"
version = "0.1.0"
source = "git+https://github.com/tock/tock?rev=405417#40541741703ddddbc14e7a7ef6fca0fb9f0b7584"
dependencies = [
 "cortexm4 0.1.0 (git+https://github.com/tock/tock?rev=405417)",
 "enum_primitive 0.1.0 (git+https://github.com/tock/tock?rev=405417)",
 "kernel 0.1.0 (git+https://github.com/tock/tock?rev=405417)",
 "nrf5x 0.1.0 (git+https://github.com/tock/tock?rev=405417)",
 "tock-rt0",
]

[[package]]
name = "nrf52833"
version = "0.1.0"
source = "git+https://github.com/tock/tock?rev=405417#40541741703ddddbc14e7a7ef6fca0fb9f0b7584"
dependencies = [
 "cortexm4 0.1.0 (git+https://github.com/tock/tock?rev=405417)",
 "kernel 0.1.0 (git+https://github.com/tock/tock?rev=405417)",
 "nrf52 0.1.0 (git+https://github.com/tock/tock?rev=405417)",
 "tock-rt0",
]

[[package]]
name = "nrf5x"
version = "0.1.0"
source = "git+https://github.com/tock/tock?rev=2ff6868#2ff68681780355decc314ac17ceba2377d16d0da"
dependencies = [
 "enum_primitive 0.1.0 (git+https://github.com/tock/tock?rev=2ff6868)",
 "kernel 0.1.0 (git+https://github.com/tock/tock?rev=2ff6868)",
]

[[package]]
name = "nrf5x"
version = "0.1.0"
source = "git+https://github.com/tock/tock?rev=405417#40541741703ddddbc14e7a7ef6fca0fb9f0b7584"
dependencies = [
 "enum_primitive 0.1.0 (git+https://github.com/tock/tock?rev=405417)",
 "kernel 0.1.0 (git+https://github.com/tock/tock?rev=405417)",
]

[[package]]
name = "tickv"
version = "0.1.0"
source = "git+https://github.com/tock/tock?rev=405417#40541741703ddddbc14e7a7ef6fca0fb9f0b7584"

[[package]]
name = "tock-bootloader-protocol"
version = "0.2.2"
dependencies = [
 "byteorder",
]

[[package]]
name = "tock-cells"
version = "0.1.0"
source = "git+https://github.com/tock/tock?rev=2ff6868#2ff68681780355decc314ac17ceba2377d16d0da"

[[package]]
name = "tock-cells"
version = "0.1.0"
source = "git+https://github.com/tock/tock?rev=405417#40541741703ddddbc14e7a7ef6fca0fb9f0b7584"

[[package]]
name = "tock-registers"
version = "0.6.0"
source = "git+https://github.com/tock/tock?rev=405417#40541741703ddddbc14e7a7ef6fca0fb9f0b7584"

[[package]]
name = "tock-registers"
version = "0.8.1"
source = "git+https://github.com/tock/tock?rev=2ff6868#2ff68681780355decc314ac17ceba2377d16d0da"

[[package]]
name = "tock-rt0"
version = "0.1.0"
source = "git+https://github.com/tock/tock?rev=405417#40541741703ddddbc14e7a7ef6fca0fb9f0b7584"

[[package]]
name = "tock-tbf"
version = "0.1.0"
source = "git+https://github.com/tock/tock?rev=2ff6868#2ff68681780355decc314ac17ceba2377d16d0da"

[[package]]
name = "tock-tbf"
version = "0.1.0"
source = "git+https://github.com/tock/tock?rev=405417#40541741703ddddbc14e7a7ef6fca0fb9f0b7584"
