# This file is automatically @generated by Cargo.
# It is not intended for manual editing.
[[package]]
name = "bootloader"
version = "0.1.0"
dependencies = [
 "kernel",
 "tock-bootloader-protocol",
]

[[package]]
name = "bootloader_attributes"
version = "0.1.0"

[[package]]
name = "bootloader_cortexm"
version = "0.1.0"
dependencies = [
 "bootloader",
 "kernel",
]

[[package]]
name = "bootloader_nrf52"
version = "0.1.0"
dependencies = [
 "bootloader",
 "cortexm4",
 "kernel",
 "nrf52",
]

[[package]]
name = "byteorder"
version = "1.4.2"
source = "registry+https://github.com/rust-lang/crates.io-index"
checksum = "ae44d1a3d5a19df61dd0c8beb138458ac2a53a7ac09eba97d55592540004306b"

[[package]]
name = "capsules"
version = "0.1.0"
dependencies = [
 "enum_primitive",
 "kernel",
]

[[package]]
name = "components"
version = "0.1.0"
dependencies = [
 "capsules",
 "kernel",
]

[[package]]
name = "cortexm"
version = "0.1.0"
dependencies = [
 "kernel",
]

[[package]]
name = "cortexm4"
version = "0.1.0"
dependencies = [
 "cortexm",
 "kernel",
]

[[package]]
name = "enum_primitive"
version = "0.1.0"

[[package]]
name = "kernel"
version = "0.1.0"
dependencies = [
 "tock-cells",
 "tock-registers",
 "tock-tbf",
]

[[package]]
name = "microbit_v2-bootloader"
version = "0.1.0"
dependencies = [
 "bootloader",
 "bootloader_attributes",
 "bootloader_cortexm",
 "bootloader_nrf52",
 "capsules",
 "components",
 "cortexm4",
 "kernel",
 "nrf52",
 "nrf52833",
]

[[package]]
name = "nrf52"
version = "0.1.0"
dependencies = [
 "cortexm4",
 "enum_primitive",
 "kernel",
 "nrf5x",
 "tock-rt0",
]

[[package]]
name = "nrf52833"
version = "0.1.0"
dependencies = [
 "cortexm4",
 "kernel",
 "nrf52",
 "tock-rt0",
]

[[package]]
name = "nrf5x"
version = "0.1.0"
dependencies = [
 "enum_primitive",
 "kernel",
]

[[package]]
name = "tock-bootloader-protocol"
version = "0.2.2"
dependencies = [
 "byteorder",
]

[[package]]
name = "tock-cells"
version = "0.1.0"

[[package]]
name = "tock-registers"
version = "0.6.0"

[[package]]
name = "tock-rt0"
version = "0.1.0"

[[package]]
name = "tock-tbf"
version = "0.1.0"
