# This file is automatically @generated by Cargo.
# It is not intended for manual editing.
[[package]]
name = "bootloader"
version = "0.1.0"
dependencies = [
 "kernel",
 "tock-bootloader-protocol",
]

[[package]]
name = "bootloader_attributes"
version = "0.1.0"

[[package]]
name = "bootloader_nrf52"
version = "0.1.0"
dependencies = [
 "bootloader",
 "cortexm4",
 "kernel",
 "nrf52",
]

[[package]]
name = "byteorder"
version = "1.3.4"
source = "registry+https://github.com/rust-lang/crates.io-index"
checksum = "08c48aae112d48ed9f069b33538ea9e3e90aa263cfa3d1c24309612b1f7472de"

[[package]]
name = "capsules"
version = "0.1.0"
dependencies = [
 "enum_primitive",
 "kernel",
]

[[package]]
name = "components"
version = "0.1.0"
dependencies = [
 "capsules",
 "kernel",
]

[[package]]
name = "cortexm"
version = "0.1.0"
dependencies = [
 "kernel",
]

[[package]]
name = "cortexm4"
version = "0.1.0"
dependencies = [
 "cortexm",
 "kernel",
]

[[package]]
name = "enum_primitive"
version = "0.1.0"

[[package]]
name = "kernel"
version = "0.1.0"
dependencies = [
 "tock-cells",
 "tock-registers",
]

[[package]]
name = "nrf52"
version = "0.1.0"
dependencies = [
 "cortexm4",
 "enum_primitive",
 "kernel",
 "nrf5x",
 "tock-rt0",
]

[[package]]
name = "nrf52-cdc-bootloader"
version = "0.1.0"
dependencies = [
 "bootloader",
 "bootloader_attributes",
 "bootloader_nrf52",
 "capsules",
 "components",
 "cortexm4",
 "kernel",
 "nrf52",
 "nrf52840",
 "nrf52_components",
]

[[package]]
name = "nrf52840"
version = "0.1.0"
dependencies = [
 "cortexm4",
 "kernel",
 "nrf52",
 "tock-rt0",
]

[[package]]
name = "nrf52_components"
version = "0.1.0"
dependencies = [
 "capsules",
 "components",
 "cortexm4",
 "kernel",
 "nrf52",
]

[[package]]
name = "nrf5x"
version = "0.1.0"
dependencies = [
 "enum_primitive",
 "kernel",
]

[[package]]
name = "tock-bootloader-protocol"
version = "0.2.2"
dependencies = [
 "byteorder",
]

[[package]]
name = "tock-cells"
version = "0.1.0"

[[package]]
name = "tock-registers"
version = "0.6.0"

[[package]]
name = "tock-rt0"
version = "0.1.0"
