# This file is automatically @generated by Cargo.
# It is not intended for manual editing.
version = 3

[[package]]
name = "bootloader"
version = "0.1.0"
dependencies = [
 "kernel",
 "tock-bootloader-protocol",
]

[[package]]
name = "bootloader_cortexm"
version = "0.1.0"
dependencies = [
 "bootloader",
 "kernel",
]

[[package]]
name = "byteorder"
version = "1.4.3"
source = "registry+https://github.com/rust-lang/crates.io-index"
checksum = "14c189c53d098945499cdfa7ecc63567cf3886b3332b312a5b4585d8d3a6a610"

[[package]]
name = "kernel"
version = "0.1.0"
source = "git+https://github.com/tock/tock?rev=c56c68824#c56c68824fd7b993023338fb0dca1fbef9fdd42a"
dependencies = [
 "tock-cells",
 "tock-registers",
 "tock-tbf",
]

[[package]]
name = "tock-bootloader-protocol"
version = "0.2.2"
dependencies = [
 "byteorder",
]

[[package]]
name = "tock-cells"
version = "0.1.0"
source = "git+https://github.com/tock/tock?rev=c56c68824#c56c68824fd7b993023338fb0dca1fbef9fdd42a"

[[package]]
name = "tock-registers"
version = "0.8.1"
source = "git+https://github.com/tock/tock?rev=c56c68824#c56c68824fd7b993023338fb0dca1fbef9fdd42a"

[[package]]
name = "tock-tbf"
version = "0.1.0"
source = "git+https://github.com/tock/tock?rev=c56c68824#c56c68824fd7b993023338fb0dca1fbef9fdd42a"
